
Microsoft Visual Studio Solution File, Format Version 12.00
# Visual Studio Version 17
VisualStudioVersion = 17.3.32922.545
MinimumVisualStudioVersion = 10.0.40219.1
Project("{9A19103F-16F7-4668-BE54-9A1E7A4F7556}") = "DataGridStylingSample", "DataGridStylingSample\DataGridStylingSample.csproj", "{2AD23E34-DFDF-4518-AF43-CA056BE55000}"
EndProject
Global
	GlobalSection(SolutionConfigurationPlatforms) = preSolution
		Debug|Any CPU = Debug|Any CPU
		Release|Any CPU = Release|Any CPU
	EndGlobalSection
	GlobalSection(ProjectConfigurationPlatforms) = postSolution
		{2AD23E34-DFDF-4518-AF43-CA056BE55000}.Debug|Any CPU.ActiveCfg = Debug|Any CPU
		{2AD23E34-DFDF-4518-AF43-CA056BE55000}.Debug|Any CPU.Build.0 = Debug|Any CPU
		{2AD23E34-DFDF-4518-AF43-CA056BE55000}.Release|Any CPU.ActiveCfg = Release|Any CPU
		{2AD23E34-DFDF-4518-AF43-CA056BE55000}.Release|Any CPU.Build.0 = Release|Any CPU
	EndGlobalSection
	GlobalSection(SolutionProperties) = preSolution
		HideSolutionNode = FALSE
	EndGlobalSection
	GlobalSection(ExtensibilityGlobals) = postSolution
		SolutionGuid = {3F064971-5863-4499-B4C2-1AF448478F78}
	EndGlobalSection
EndGlobal
